// !$*UTF8*$!
{
	archiveVersion = 1;
	classes = {
	};
	objectVersion = 56;
	objects = {

/* Begin PBXBuildFile section */
		A803AC2D2C8EF3CD009D61F9 /* WeatherAPIManager.swift in Sources */ = {isa = PBXBuildFile; fileRef = A803AC2C2C8EF3CD009D61F9 /* WeatherAPIManager.swift */; };
		A803AC332C8F01D7009D61F9 /* CoreDataManager.swift in Sources */ = {isa = PBXBuildFile; fileRef = A803AC322C8F01D7009D61F9 /* CoreDataManager.swift */; };
		A8083CB12C8844C8002E02E3 /* AppDelegate.m in Sources */ = {isa = PBXBuildFile; fileRef = A8083CB02C8844C8002E02E3 /* AppDelegate.m */; };
		A8083CB42C8844C8002E02E3 /* SceneDelegate.m in Sources */ = {isa = PBXBuildFile; fileRef = A8083CB32C8844C8002E02E3 /* SceneDelegate.m */; };
		A8083CB72C8844C8002E02E3 /* ViewController.m in Sources */ = {isa = PBXBuildFile; fileRef = A8083CB62C8844C8002E02E3 /* ViewController.m */; };
		A8083CBA2C8844C8002E02E3 /* Base in Resources */ = {isa = PBXBuildFile; fileRef = A8083CB92C8844C8002E02E3 /* Base */; };
		A8083CBF2C8844CB002E02E3 /* Assets.xcassets in Resources */ = {isa = PBXBuildFile; fileRef = A8083CBE2C8844CB002E02E3 /* Assets.xcassets */; };
		A8083CC22C8844CB002E02E3 /* Base in Resources */ = {isa = PBXBuildFile; fileRef = A8083CC12C8844CB002E02E3 /* Base */; };
		A8083CC52C8844CB002E02E3 /* main.m in Sources */ = {isa = PBXBuildFile; fileRef = A8083CC42C8844CB002E02E3 /* main.m */; };
		A8083CCF2C8844CF002E02E3 /* Project_DemoTests.m in Sources */ = {isa = PBXBuildFile; fileRef = A8083CCE2C8844CF002E02E3 /* Project_DemoTests.m */; };
		A8083CD92C8844CF002E02E3 /* Project_DemoUITests.m in Sources */ = {isa = PBXBuildFile; fileRef = A8083CD82C8844CF002E02E3 /* Project_DemoUITests.m */; };
		A8083CDB2C8844CF002E02E3 /* Project_DemoUITestsLaunchTests.m in Sources */ = {isa = PBXBuildFile; fileRef = A8083CDA2C8844CF002E02E3 /* Project_DemoUITestsLaunchTests.m */; };
		A8083CE92C884D67002E02E3 /* CityModel.xcdatamodeld in Sources */ = {isa = PBXBuildFile; fileRef = A8083CE72C884D67002E02E3 /* CityModel.xcdatamodeld */; };
		A8083CEA2C884D67002E02E3 /* CityModel.xcdatamodeld in Sources */ = {isa = PBXBuildFile; fileRef = A8083CE72C884D67002E02E3 /* CityModel.xcdatamodeld */; };
		A8083CEB2C884D67002E02E3 /* CityModel.xcdatamodeld in Sources */ = {isa = PBXBuildFile; fileRef = A8083CE72C884D67002E02E3 /* CityModel.xcdatamodeld */; };
		A8083CF02C885F57002E02E3 /* DetailCollectionViewController.swift in Sources */ = {isa = PBXBuildFile; fileRef = A8083CEF2C885F57002E02E3 /* DetailCollectionViewController.swift */; };
		A8083CF12C885F57002E02E3 /* DetailCollectionViewController.swift in Sources */ = {isa = PBXBuildFile; fileRef = A8083CEF2C885F57002E02E3 /* DetailCollectionViewController.swift */; };
		A8083CF22C885F57002E02E3 /* DetailCollectionViewController.swift in Sources */ = {isa = PBXBuildFile; fileRef = A8083CEF2C885F57002E02E3 /* DetailCollectionViewController.swift */; };
		A8083CF42C8995F9002E02E3 /* .gitignore in Resources */ = {isa = PBXBuildFile; fileRef = A8083CF32C8995F9002E02E3 /* .gitignore */; };
		A8083CF62C899925002E02E3 /* NetworkManager.swift in Sources */ = {isa = PBXBuildFile; fileRef = A8083CF52C899925002E02E3 /* NetworkManager.swift */; };
		A8083CFA2C89A737002E02E3 /* Models.swift in Sources */ = {isa = PBXBuildFile; fileRef = A8083CF92C89A737002E02E3 /* Models.swift */; };
		A8243BD62C8DC99200842CE7 /* SunsetCollectionViewCell.swift in Sources */ = {isa = PBXBuildFile; fileRef = A8243BD52C8DC99200842CE7 /* SunsetCollectionViewCell.swift */; };
		A8243BD92C8DD95900842CE7 /* WeatherDataManager.swift in Sources */ = {isa = PBXBuildFile; fileRef = A8243BD82C8DD95900842CE7 /* WeatherDataManager.swift */; };
		A83C0F5D2C8B338A0046D1D6 /* WindCollectionViewCell.swift in Sources */ = {isa = PBXBuildFile; fileRef = A83C0F5C2C8B338A0046D1D6 /* WindCollectionViewCell.swift */; };
		A83C0F632C8CF1280046D1D6 /* SunriseCollectionViewCell.swift in Sources */ = {isa = PBXBuildFile; fileRef = A83C0F622C8CF1280046D1D6 /* SunriseCollectionViewCell.swift */; };
		A8CE296E2C91389900AE814E /* WeatherModel.m in Sources */ = {isa = PBXBuildFile; fileRef = A8CE296D2C91389900AE814E /* WeatherModel.m */; };
		A8CE29712C917A7700AE814E /* utils.swift in Sources */ = {isa = PBXBuildFile; fileRef = A8CE29702C917A7700AE814E /* utils.swift */; };
		A8E4D8EF2C8ADA9F0053AAF8 /* TemperatureCollectionViewCell.swift in Sources */ = {isa = PBXBuildFile; fileRef = A8E4D8EE2C8ADA9F0053AAF8 /* TemperatureCollectionViewCell.swift */; };
		A8E4D8F12C8AE2A40053AAF8 /* HumidityCollectionViewCell.swift in Sources */ = {isa = PBXBuildFile; fileRef = A8E4D8F02C8AE2A40053AAF8 /* HumidityCollectionViewCell.swift */; };
		A8E5D1AF2C903D200084DECF /* AppConstants.swift in Sources */ = {isa = PBXBuildFile; fileRef = A8E5D1AE2C903D200084DECF /* AppConstants.swift */; };
		A8E5D1B12C905B8B0084DECF /* DetailCollectionViewModel.swift in Sources */ = {isa = PBXBuildFile; fileRef = A8E5D1B02C905B8B0084DECF /* DetailCollectionViewModel.swift */; };
/* End PBXBuildFile section */

/* Begin PBXContainerItemProxy section */
		A8083CCB2C8844CF002E02E3 /* PBXContainerItemProxy */ = {
			isa = PBXContainerItemProxy;
			containerPortal = A8083CA42C8844C8002E02E3 /* Project object */;
			proxyType = 1;
			remoteGlobalIDString = A8083CAB2C8844C8002E02E3;
			remoteInfo = "Project-Demo";
		};
		A8083CD52C8844CF002E02E3 /* PBXContainerItemProxy */ = {
			isa = PBXContainerItemProxy;
			containerPortal = A8083CA42C8844C8002E02E3 /* Project object */;
			proxyType = 1;
			remoteGlobalIDString = A8083CAB2C8844C8002E02E3;
			remoteInfo = "Project-Demo";
		};
/* End PBXContainerItemProxy section */

/* Begin PBXFileReference section */
		A803AC2C2C8EF3CD009D61F9 /* WeatherAPIManager.swift */ = {isa = PBXFileReference; lastKnownFileType = sourcecode.swift; path = WeatherAPIManager.swift; sourceTree = "<group>"; };
		A803AC322C8F01D7009D61F9 /* CoreDataManager.swift */ = {isa = PBXFileReference; lastKnownFileType = sourcecode.swift; path = CoreDataManager.swift; sourceTree = "<group>"; };
		A8083CAC2C8844C8002E02E3 /* Project-Demo.app */ = {isa = PBXFileReference; explicitFileType = wrapper.application; includeInIndex = 0; path = "Project-Demo.app"; sourceTree = BUILT_PRODUCTS_DIR; };
		A8083CAF2C8844C8002E02E3 /* AppDelegate.h */ = {isa = PBXFileReference; lastKnownFileType = sourcecode.c.h; path = AppDelegate.h; sourceTree = "<group>"; };
		A8083CB02C8844C8002E02E3 /* AppDelegate.m */ = {isa = PBXFileReference; lastKnownFileType = sourcecode.c.objc; path = AppDelegate.m; sourceTree = "<group>"; };
		A8083CB22C8844C8002E02E3 /* SceneDelegate.h */ = {isa = PBXFileReference; lastKnownFileType = sourcecode.c.h; path = SceneDelegate.h; sourceTree = "<group>"; };
		A8083CB32C8844C8002E02E3 /* SceneDelegate.m */ = {isa = PBXFileReference; lastKnownFileType = sourcecode.c.objc; path = SceneDelegate.m; sourceTree = "<group>"; };
		A8083CB52C8844C8002E02E3 /* ViewController.h */ = {isa = PBXFileReference; lastKnownFileType = sourcecode.c.h; path = ViewController.h; sourceTree = "<group>"; };
		A8083CB62C8844C8002E02E3 /* ViewController.m */ = {isa = PBXFileReference; lastKnownFileType = sourcecode.c.objc; path = ViewController.m; sourceTree = "<group>"; };
		A8083CB92C8844C8002E02E3 /* Base */ = {isa = PBXFileReference; lastKnownFileType = file.storyboard; name = Base; path = Base.lproj/Main.storyboard; sourceTree = "<group>"; };
		A8083CBE2C8844CB002E02E3 /* Assets.xcassets */ = {isa = PBXFileReference; lastKnownFileType = folder.assetcatalog; path = Assets.xcassets; sourceTree = "<group>"; };
		A8083CC12C8844CB002E02E3 /* Base */ = {isa = PBXFileReference; lastKnownFileType = file.storyboard; name = Base; path = Base.lproj/LaunchScreen.storyboard; sourceTree = "<group>"; };
		A8083CC32C8844CB002E02E3 /* Info.plist */ = {isa = PBXFileReference; lastKnownFileType = text.plist.xml; path = Info.plist; sourceTree = "<group>"; };
		A8083CC42C8844CB002E02E3 /* main.m */ = {isa = PBXFileReference; lastKnownFileType = sourcecode.c.objc; path = main.m; sourceTree = "<group>"; };
		A8083CCA2C8844CF002E02E3 /* Project-DemoTests.xctest */ = {isa = PBXFileReference; explicitFileType = wrapper.cfbundle; includeInIndex = 0; path = "Project-DemoTests.xctest"; sourceTree = BUILT_PRODUCTS_DIR; };
		A8083CCE2C8844CF002E02E3 /* Project_DemoTests.m */ = {isa = PBXFileReference; lastKnownFileType = sourcecode.c.objc; path = Project_DemoTests.m; sourceTree = "<group>"; };
		A8083CD42C8844CF002E02E3 /* Project-DemoUITests.xctest */ = {isa = PBXFileReference; explicitFileType = wrapper.cfbundle; includeInIndex = 0; path = "Project-DemoUITests.xctest"; sourceTree = BUILT_PRODUCTS_DIR; };
		A8083CD82C8844CF002E02E3 /* Project_DemoUITests.m */ = {isa = PBXFileReference; lastKnownFileType = sourcecode.c.objc; path = Project_DemoUITests.m; sourceTree = "<group>"; };
		A8083CDA2C8844CF002E02E3 /* Project_DemoUITestsLaunchTests.m */ = {isa = PBXFileReference; lastKnownFileType = sourcecode.c.objc; path = Project_DemoUITestsLaunchTests.m; sourceTree = "<group>"; };
		A8083CE82C884D67002E02E3 /* CityModel.xcdatamodel */ = {isa = PBXFileReference; lastKnownFileType = wrapper.xcdatamodel; path = CityModel.xcdatamodel; sourceTree = "<group>"; };
		A8083CEC2C885F56002E02E3 /* Project-Demo-Bridging-Header.h */ = {isa = PBXFileReference; lastKnownFileType = sourcecode.c.h; path = "Project-Demo-Bridging-Header.h"; sourceTree = "<group>"; };
		A8083CED2C885F56002E02E3 /* Project-DemoTests-Bridging-Header.h */ = {isa = PBXFileReference; lastKnownFileType = sourcecode.c.h; path = "Project-DemoTests-Bridging-Header.h"; sourceTree = "<group>"; };
		A8083CEE2C885F56002E02E3 /* Project-DemoUITests-Bridging-Header.h */ = {isa = PBXFileReference; lastKnownFileType = sourcecode.c.h; path = "Project-DemoUITests-Bridging-Header.h"; sourceTree = "<group>"; };
		A8083CEF2C885F57002E02E3 /* DetailCollectionViewController.swift */ = {isa = PBXFileReference; lastKnownFileType = sourcecode.swift; path = DetailCollectionViewController.swift; sourceTree = "<group>"; };
		A8083CF32C8995F9002E02E3 /* .gitignore */ = {isa = PBXFileReference; fileEncoding = 4; lastKnownFileType = text; path = .gitignore; sourceTree = SOURCE_ROOT; };
		A8083CF52C899925002E02E3 /* NetworkManager.swift */ = {isa = PBXFileReference; lastKnownFileType = sourcecode.swift; path = NetworkManager.swift; sourceTree = "<group>"; };
		A8083CF92C89A737002E02E3 /* Models.swift */ = {isa = PBXFileReference; lastKnownFileType = sourcecode.swift; path = Models.swift; sourceTree = "<group>"; };
		A8243BD52C8DC99200842CE7 /* SunsetCollectionViewCell.swift */ = {isa = PBXFileReference; lastKnownFileType = sourcecode.swift; path = SunsetCollectionViewCell.swift; sourceTree = "<group>"; };
		A8243BD82C8DD95900842CE7 /* WeatherDataManager.swift */ = {isa = PBXFileReference; lastKnownFileType = sourcecode.swift; path = WeatherDataManager.swift; sourceTree = "<group>"; };
		A8243BE62C8DE11500842CE7 /* WeatherData+CoreDataClass.swift */ = {isa = PBXFileReference; lastKnownFileType = sourcecode.swift; path = "WeatherData+CoreDataClass.swift"; sourceTree = SOURCE_ROOT; };
		A8243BE72C8DE11500842CE7 /* WeatherData+CoreDataProperties.swift */ = {isa = PBXFileReference; lastKnownFileType = sourcecode.swift; path = "WeatherData+CoreDataProperties.swift"; sourceTree = SOURCE_ROOT; };
		A8243BE82C8DE11500842CE7 /* City+CoreDataClass.swift */ = {isa = PBXFileReference; lastKnownFileType = sourcecode.swift; path = "City+CoreDataClass.swift"; sourceTree = SOURCE_ROOT; };
		A8243BE92C8DE11500842CE7 /* City+CoreDataProperties.swift */ = {isa = PBXFileReference; lastKnownFileType = sourcecode.swift; path = "City+CoreDataProperties.swift"; sourceTree = SOURCE_ROOT; };
		A83C0F5C2C8B338A0046D1D6 /* WindCollectionViewCell.swift */ = {isa = PBXFileReference; lastKnownFileType = sourcecode.swift; path = WindCollectionViewCell.swift; sourceTree = SOURCE_ROOT; };
		A83C0F622C8CF1280046D1D6 /* SunriseCollectionViewCell.swift */ = {isa = PBXFileReference; lastKnownFileType = sourcecode.swift; path = SunriseCollectionViewCell.swift; sourceTree = SOURCE_ROOT; };
		A8CE296B2C9137B600AE814E /* WeatherModelDelegate.h */ = {isa = PBXFileReference; lastKnownFileType = sourcecode.c.h; path = WeatherModelDelegate.h; sourceTree = "<group>"; };
		A8CE296C2C91381A00AE814E /* WeatherModel.h */ = {isa = PBXFileReference; lastKnownFileType = sourcecode.c.h; name = WeatherModel.h; path = CoreDataModels/WeatherModel.h; sourceTree = "<group>"; };
		A8CE296D2C91389900AE814E /* WeatherModel.m */ = {isa = PBXFileReference; lastKnownFileType = sourcecode.c.objc; path = WeatherModel.m; sourceTree = "<group>"; };
		A8CE29702C917A7700AE814E /* utils.swift */ = {isa = PBXFileReference; lastKnownFileType = sourcecode.swift; path = utils.swift; sourceTree = "<group>"; };
		A8E4D8EE2C8ADA9F0053AAF8 /* TemperatureCollectionViewCell.swift */ = {isa = PBXFileReference; lastKnownFileType = sourcecode.swift; path = TemperatureCollectionViewCell.swift; sourceTree = "<group>"; };
		A8E4D8F02C8AE2A40053AAF8 /* HumidityCollectionViewCell.swift */ = {isa = PBXFileReference; lastKnownFileType = sourcecode.swift; path = HumidityCollectionViewCell.swift; sourceTree = SOURCE_ROOT; };
		A8E5D1AE2C903D200084DECF /* AppConstants.swift */ = {isa = PBXFileReference; lastKnownFileType = sourcecode.swift; path = AppConstants.swift; sourceTree = "<group>"; };
		A8E5D1B02C905B8B0084DECF /* DetailCollectionViewModel.swift */ = {isa = PBXFileReference; lastKnownFileType = sourcecode.swift; path = DetailCollectionViewModel.swift; sourceTree = SOURCE_ROOT; };
/* End PBXFileReference section */

/* Begin PBXFrameworksBuildPhase section */
		A8083CA92C8844C8002E02E3 /* Frameworks */ = {
			isa = PBXFrameworksBuildPhase;
			buildActionMask = 2147483647;
			files = (
			);
			runOnlyForDeploymentPostprocessing = 0;
		};
		A8083CC72C8844CF002E02E3 /* Frameworks */ = {
			isa = PBXFrameworksBuildPhase;
			buildActionMask = 2147483647;
			files = (
			);
			runOnlyForDeploymentPostprocessing = 0;
		};
		A8083CD12C8844CF002E02E3 /* Frameworks */ = {
			isa = PBXFrameworksBuildPhase;
			buildActionMask = 2147483647;
			files = (
			);
			runOnlyForDeploymentPostprocessing = 0;
		};
/* End PBXFrameworksBuildPhase section */

/* Begin PBXGroup section */
		A803AC292C8EED92009D61F9 /* Constants */ = {
			isa = PBXGroup;
			children = (
				A8E5D1AE2C903D200084DECF /* AppConstants.swift */,
			);
			path = Constants;
			sourceTree = "<group>";
		};
		A803AC312C8F0135009D61F9 /* Core Data Manager */ = {
			isa = PBXGroup;
			children = (
				A803AC322C8F01D7009D61F9 /* CoreDataManager.swift */,
			);
			path = "Core Data Manager";
			sourceTree = "<group>";
		};
		A8083CA32C8844C8002E02E3 = {
			isa = PBXGroup;
			children = (
				A8083CAE2C8844C8002E02E3 /* Project-Demo */,
				A8083CCD2C8844CF002E02E3 /* Project-DemoTests */,
				A8083CD72C8844CF002E02E3 /* Project-DemoUITests */,
				A8083CF32C8995F9002E02E3 /* .gitignore */,
				A8083CAD2C8844C8002E02E3 /* Products */,
			);
			sourceTree = "<group>";
		};
		A8083CAD2C8844C8002E02E3 /* Products */ = {
			isa = PBXGroup;
			children = (
				A8083CAC2C8844C8002E02E3 /* Project-Demo.app */,
				A8083CCA2C8844CF002E02E3 /* Project-DemoTests.xctest */,
				A8083CD42C8844CF002E02E3 /* Project-DemoUITests.xctest */,
			);
			name = Products;
			sourceTree = "<group>";
		};
		A8083CAE2C8844C8002E02E3 /* Project-Demo */ = {
			isa = PBXGroup;
			children = (
				A8CE296F2C917A5200AE814E /* Utils */,
				A8E5D1B22C906E600084DECF /* APILayer */,
				A8083CF82C89A709002E02E3 /* Models */,
				A8083CF72C89A65F002E02E3 /* CoreDataModels */,
				A8083CFB2C89B0C8002E02E3 /* Network Manager */,
				A8243BD72C8DD90B00842CE7 /* Weather Data Manager */,
				A803AC292C8EED92009D61F9 /* Constants */,
				A803AC312C8F0135009D61F9 /* Core Data Manager */,
				A83C0F622C8CF1280046D1D6 /* SunriseCollectionViewCell.swift */,
				A8243BD52C8DC99200842CE7 /* SunsetCollectionViewCell.swift */,
				A83C0F5C2C8B338A0046D1D6 /* WindCollectionViewCell.swift */,
				A8E4D8F02C8AE2A40053AAF8 /* HumidityCollectionViewCell.swift */,
				A8E4D8EE2C8ADA9F0053AAF8 /* TemperatureCollectionViewCell.swift */,
				A8E5D1B02C905B8B0084DECF /* DetailCollectionViewModel.swift */,
				A8083CEF2C885F57002E02E3 /* DetailCollectionViewController.swift */,
				A8083CAF2C8844C8002E02E3 /* AppDelegate.h */,
				A8083CB02C8844C8002E02E3 /* AppDelegate.m */,
				A8083CB22C8844C8002E02E3 /* SceneDelegate.h */,
				A8083CB32C8844C8002E02E3 /* SceneDelegate.m */,
				A8083CB52C8844C8002E02E3 /* ViewController.h */,
				A8083CB62C8844C8002E02E3 /* ViewController.m */,
				A8CE296C2C91381A00AE814E /* WeatherModel.h */,
				A8CE296D2C91389900AE814E /* WeatherModel.m */,
				A8CE296B2C9137B600AE814E /* WeatherModelDelegate.h */,
				A8083CB82C8844C8002E02E3 /* Main.storyboard */,
				A8083CBE2C8844CB002E02E3 /* Assets.xcassets */,
				A8083CC02C8844CB002E02E3 /* LaunchScreen.storyboard */,
				A8083CC32C8844CB002E02E3 /* Info.plist */,
				A8083CC42C8844CB002E02E3 /* main.m */,
				A8083CEC2C885F56002E02E3 /* Project-Demo-Bridging-Header.h */,
				A8083CED2C885F56002E02E3 /* Project-DemoTests-Bridging-Header.h */,
				A8083CEE2C885F56002E02E3 /* Project-DemoUITests-Bridging-Header.h */,
			);
			path = "Project-Demo";
			sourceTree = "<group>";
		};
		A8083CCD2C8844CF002E02E3 /* Project-DemoTests */ = {
			isa = PBXGroup;
			children = (
				A8083CCE2C8844CF002E02E3 /* Project_DemoTests.m */,
			);
			path = "Project-DemoTests";
			sourceTree = "<group>";
		};
		A8083CD72C8844CF002E02E3 /* Project-DemoUITests */ = {
			isa = PBXGroup;
			children = (
				A8083CD82C8844CF002E02E3 /* Project_DemoUITests.m */,
				A8083CDA2C8844CF002E02E3 /* Project_DemoUITestsLaunchTests.m */,
			);
			path = "Project-DemoUITests";
			sourceTree = "<group>";
		};
		A8083CF72C89A65F002E02E3 /* CoreDataModels */ = {
			isa = PBXGroup;
			children = (
				A8243BE62C8DE11500842CE7 /* WeatherData+CoreDataClass.swift */,
				A8243BE72C8DE11500842CE7 /* WeatherData+CoreDataProperties.swift */,
				A8243BE82C8DE11500842CE7 /* City+CoreDataClass.swift */,
				A8243BE92C8DE11500842CE7 /* City+CoreDataProperties.swift */,
				A8083CE72C884D67002E02E3 /* CityModel.xcdatamodeld */,
			);
			path = CoreDataModels;
			sourceTree = "<group>";
		};
		A8083CF82C89A709002E02E3 /* Models */ = {
			isa = PBXGroup;
			children = (
				A8083CF92C89A737002E02E3 /* Models.swift */,
			);
			path = Models;
			sourceTree = "<group>";
		};
		A8083CFB2C89B0C8002E02E3 /* Network Manager */ = {
			isa = PBXGroup;
			children = (
				A8083CF52C899925002E02E3 /* NetworkManager.swift */,
			);
			path = "Network Manager";
			sourceTree = "<group>";
		};
		A8243BD72C8DD90B00842CE7 /* Weather Data Manager */ = {
			isa = PBXGroup;
			children = (
				A8243BD82C8DD95900842CE7 /* WeatherDataManager.swift */,
			);
			path = "Weather Data Manager";
			sourceTree = "<group>";
		};
		A8CE296F2C917A5200AE814E /* Utils */ = {
			isa = PBXGroup;
			children = (
				A8CE29702C917A7700AE814E /* utils.swift */,
			);
			path = Utils;
			sourceTree = "<group>";
		};
		A8E5D1B22C906E600084DECF /* APILayer */ = {
			isa = PBXGroup;
			children = (
				A803AC2C2C8EF3CD009D61F9 /* WeatherAPIManager.swift */,
			);
			path = APILayer;
			sourceTree = "<group>";
		};
/* End PBXGroup section */

/* Begin PBXNativeTarget section */
		A8083CAB2C8844C8002E02E3 /* Project-Demo */ = {
			isa = PBXNativeTarget;
			buildConfigurationList = A8083CDE2C8844CF002E02E3 /* Build configuration list for PBXNativeTarget "Project-Demo" */;
			buildPhases = (
				A8083CA82C8844C8002E02E3 /* Sources */,
				A8083CA92C8844C8002E02E3 /* Frameworks */,
				A8083CAA2C8844C8002E02E3 /* Resources */,
			);
			buildRules = (
			);
			dependencies = (
			);
			name = "Project-Demo";
			productName = "Project-Demo";
			productReference = A8083CAC2C8844C8002E02E3 /* Project-Demo.app */;
			productType = "com.apple.product-type.application";
		};
		A8083CC92C8844CF002E02E3 /* Project-DemoTests */ = {
			isa = PBXNativeTarget;
			buildConfigurationList = A8083CE12C8844CF002E02E3 /* Build configuration list for PBXNativeTarget "Project-DemoTests" */;
			buildPhases = (
				A8083CC62C8844CF002E02E3 /* Sources */,
				A8083CC72C8844CF002E02E3 /* Frameworks */,
				A8083CC82C8844CF002E02E3 /* Resources */,
			);
			buildRules = (
			);
			dependencies = (
				A8083CCC2C8844CF002E02E3 /* PBXTargetDependency */,
			);
			name = "Project-DemoTests";
			productName = "Project-DemoTests";
			productReference = A8083CCA2C8844CF002E02E3 /* Project-DemoTests.xctest */;
			productType = "com.apple.product-type.bundle.unit-test";
		};
		A8083CD32C8844CF002E02E3 /* Project-DemoUITests */ = {
			isa = PBXNativeTarget;
			buildConfigurationList = A8083CE42C8844CF002E02E3 /* Build configuration list for PBXNativeTarget "Project-DemoUITests" */;
			buildPhases = (
				A8083CD02C8844CF002E02E3 /* Sources */,
				A8083CD12C8844CF002E02E3 /* Frameworks */,
				A8083CD22C8844CF002E02E3 /* Resources */,
			);
			buildRules = (
			);
			dependencies = (
				A8083CD62C8844CF002E02E3 /* PBXTargetDependency */,
			);
			name = "Project-DemoUITests";
			productName = "Project-DemoUITests";
			productReference = A8083CD42C8844CF002E02E3 /* Project-DemoUITests.xctest */;
			productType = "com.apple.product-type.bundle.ui-testing";
		};
/* End PBXNativeTarget section */

/* Begin PBXProject section */
		A8083CA42C8844C8002E02E3 /* Project object */ = {
			isa = PBXProject;
			attributes = {
				BuildIndependentTargetsInParallel = 1;
				LastUpgradeCheck = 1540;
				TargetAttributes = {
					A8083CAB2C8844C8002E02E3 = {
						CreatedOnToolsVersion = 15.4;
						LastSwiftMigration = 1540;
					};
					A8083CC92C8844CF002E02E3 = {
						CreatedOnToolsVersion = 15.4;
						LastSwiftMigration = 1540;
						TestTargetID = A8083CAB2C8844C8002E02E3;
					};
					A8083CD32C8844CF002E02E3 = {
						CreatedOnToolsVersion = 15.4;
						LastSwiftMigration = 1540;
						TestTargetID = A8083CAB2C8844C8002E02E3;
					};
				};
			};
			buildConfigurationList = A8083CA72C8844C8002E02E3 /* Build configuration list for PBXProject "Project-Demo" */;
			compatibilityVersion = "Xcode 14.0";
			developmentRegion = en;
			hasScannedForEncodings = 0;
			knownRegions = (
				en,
				Base,
			);
			mainGroup = A8083CA32C8844C8002E02E3;
			productRefGroup = A8083CAD2C8844C8002E02E3 /* Products */;
			projectDirPath = "";
			projectRoot = "";
			targets = (
				A8083CAB2C8844C8002E02E3 /* Project-Demo */,
				A8083CC92C8844CF002E02E3 /* Project-DemoTests */,
				A8083CD32C8844CF002E02E3 /* Project-DemoUITests */,
			);
		};
/* End PBXProject section */

/* Begin PBXResourcesBuildPhase section */
		A8083CAA2C8844C8002E02E3 /* Resources */ = {
			isa = PBXResourcesBuildPhase;
			buildActionMask = 2147483647;
			files = (
				A8083CF42C8995F9002E02E3 /* .gitignore in Resources */,
				A8083CBF2C8844CB002E02E3 /* Assets.xcassets in Resources */,
				A8083CC22C8844CB002E02E3 /* Base in Resources */,
				A8083CBA2C8844C8002E02E3 /* Base in Resources */,
			);
			runOnlyForDeploymentPostprocessing = 0;
		};
		A8083CC82C8844CF002E02E3 /* Resources */ = {
			isa = PBXResourcesBuildPhase;
			buildActionMask = 2147483647;
			files = (
			);
			runOnlyForDeploymentPostprocessing = 0;
		};
		A8083CD22C8844CF002E02E3 /* Resources */ = {
			isa = PBXResourcesBuildPhase;
			buildActionMask = 2147483647;
			files = (
			);
			runOnlyForDeploymentPostprocessing = 0;
		};
/* End PBXResourcesBuildPhase section */

/* Begin PBXSourcesBuildPhase section */
		A8083CA82C8844C8002E02E3 /* Sources */ = {
			isa = PBXSourcesBuildPhase;
			buildActionMask = 2147483647;
			files = (
				A8E4D8F12C8AE2A40053AAF8 /* HumidityCollectionViewCell.swift in Sources */,
				A8E5D1AF2C903D200084DECF /* AppConstants.swift in Sources */,
				A8083CC52C8844CB002E02E3 /* main.m in Sources */,
				A8083CFA2C89A737002E02E3 /* Models.swift in Sources */,
				A83C0F5D2C8B338A0046D1D6 /* WindCollectionViewCell.swift in Sources */,
				A8CE29712C917A7700AE814E /* utils.swift in Sources */,
				A803AC332C8F01D7009D61F9 /* CoreDataManager.swift in Sources */,
				A8083CE92C884D67002E02E3 /* CityModel.xcdatamodeld in Sources */,
				A8E4D8EF2C8ADA9F0053AAF8 /* TemperatureCollectionViewCell.swift in Sources */,
				A803AC2D2C8EF3CD009D61F9 /* WeatherAPIManager.swift in Sources */,
				A83C0F632C8CF1280046D1D6 /* SunriseCollectionViewCell.swift in Sources */,
				A8083CB72C8844C8002E02E3 /* ViewController.m in Sources */,
				A8083CF62C899925002E02E3 /* NetworkManager.swift in Sources */,
				A8243BD62C8DC99200842CE7 /* SunsetCollectionViewCell.swift in Sources */,
				A8E5D1B12C905B8B0084DECF /* DetailCollectionViewModel.swift in Sources */,
				A8243BD92C8DD95900842CE7 /* WeatherDataManager.swift in Sources */,
				A8083CF02C885F57002E02E3 /* DetailCollectionViewController.swift in Sources */,
				A8083CB12C8844C8002E02E3 /* AppDelegate.m in Sources */,
				A8083CB42C8844C8002E02E3 /* SceneDelegate.m in Sources */,
				A8CE296E2C91389900AE814E /* WeatherModel.m in Sources */,
			);
			runOnlyForDeploymentPostprocessing = 0;
		};
		A8083CC62C8844CF002E02E3 /* Sources */ = {
			isa = PBXSourcesBuildPhase;
			buildActionMask = 2147483647;
			files = (
				A8083CF12C885F57002E02E3 /* DetailCollectionViewController.swift in Sources */,
				A8083CEA2C884D67002E02E3 /* CityModel.xcdatamodeld in Sources */,
				A8083CCF2C8844CF002E02E3 /* Project_DemoTests.m in Sources */,
			);
			runOnlyForDeploymentPostprocessing = 0;
		};
		A8083CD02C8844CF002E02E3 /* Sources */ = {
			isa = PBXSourcesBuildPhase;
			buildActionMask = 2147483647;
			files = (
				A8083CDB2C8844CF002E02E3 /* Project_DemoUITestsLaunchTests.m in Sources */,
				A8083CF22C885F57002E02E3 /* DetailCollectionViewController.swift in Sources */,
				A8083CD92C8844CF002E02E3 /* Project_DemoUITests.m in Sources */,
				A8083CEB2C884D67002E02E3 /* CityModel.xcdatamodeld in Sources */,
			);
			runOnlyForDeploymentPostprocessing = 0;
		};
/* End PBXSourcesBuildPhase section */

/* Begin PBXTargetDependency section */
		A8083CCC2C8844CF002E02E3 /* PBXTargetDependency */ = {
			isa = PBXTargetDependency;
			target = A8083CAB2C8844C8002E02E3 /* Project-Demo */;
			targetProxy = A8083CCB2C8844CF002E02E3 /* PBXContainerItemProxy */;
		};
		A8083CD62C8844CF002E02E3 /* PBXTargetDependency */ = {
			isa = PBXTargetDependency;
			target = A8083CAB2C8844C8002E02E3 /* Project-Demo */;
			targetProxy = A8083CD52C8844CF002E02E3 /* PBXContainerItemProxy */;
		};
/* End PBXTargetDependency section */

/* Begin PBXVariantGroup section */
		A8083CB82C8844C8002E02E3 /* Main.storyboard */ = {
			isa = PBXVariantGroup;
			children = (
				A8083CB92C8844C8002E02E3 /* Base */,
			);
			name = Main.storyboard;
			sourceTree = "<group>";
		};
		A8083CC02C8844CB002E02E3 /* LaunchScreen.storyboard */ = {
			isa = PBXVariantGroup;
			children = (
				A8083CC12C8844CB002E02E3 /* Base */,
			);
			name = LaunchScreen.storyboard;
			sourceTree = "<group>";
		};
/* End PBXVariantGroup section */

/* Begin XCBuildConfiguration section */
		A8083CDC2C8844CF002E02E3 /* Debug */ = {
			isa = XCBuildConfiguration;
			buildSettings = {
				ALWAYS_SEARCH_USER_PATHS = NO;
				ASSETCATALOG_COMPILER_GENERATE_SWIFT_ASSET_SYMBOL_EXTENSIONS = YES;
				CLANG_ANALYZER_NONNULL = YES;
				CLANG_ANALYZER_NUMBER_OBJECT_CONVERSION = YES_AGGRESSIVE;
				CLANG_CXX_LANGUAGE_STANDARD = "gnu++20";
				CLANG_ENABLE_MODULES = YES;
				CLANG_ENABLE_OBJC_ARC = YES;
				CLANG_ENABLE_OBJC_WEAK = YES;
				CLANG_WARN_BLOCK_CAPTURE_AUTORELEASING = YES;
				CLANG_WARN_BOOL_CONVERSION = YES;
				CLANG_WARN_COMMA = YES;
				CLANG_WARN_CONSTANT_CONVERSION = YES;
				CLANG_WARN_DEPRECATED_OBJC_IMPLEMENTATIONS = YES;
				CLANG_WARN_DIRECT_OBJC_ISA_USAGE = YES_ERROR;
				CLANG_WARN_DOCUMENTATION_COMMENTS = YES;
				CLANG_WARN_EMPTY_BODY = YES;
				CLANG_WARN_ENUM_CONVERSION = YES;
				CLANG_WARN_INFINITE_RECURSION = YES;
				CLANG_WARN_INT_CONVERSION = YES;
				CLANG_WARN_NON_LITERAL_NULL_CONVERSION = YES;
				CLANG_WARN_OBJC_IMPLICIT_RETAIN_SELF = YES;
				CLANG_WARN_OBJC_LITERAL_CONVERSION = YES;
				CLANG_WARN_OBJC_ROOT_CLASS = YES_ERROR;
				CLANG_WARN_QUOTED_INCLUDE_IN_FRAMEWORK_HEADER = YES;
				CLANG_WARN_RANGE_LOOP_ANALYSIS = YES;
				CLANG_WARN_STRICT_PROTOTYPES = YES;
				CLANG_WARN_SUSPICIOUS_MOVE = YES;
				CLANG_WARN_UNGUARDED_AVAILABILITY = YES_AGGRESSIVE;
				CLANG_WARN_UNREACHABLE_CODE = YES;
				CLANG_WARN__DUPLICATE_METHOD_MATCH = YES;
				COPY_PHASE_STRIP = NO;
				DEBUG_INFORMATION_FORMAT = dwarf;
				ENABLE_STRICT_OBJC_MSGSEND = YES;
				ENABLE_TESTABILITY = YES;
				ENABLE_USER_SCRIPT_SANDBOXING = YES;
				GCC_C_LANGUAGE_STANDARD = gnu17;
				GCC_DYNAMIC_NO_PIC = NO;
				GCC_NO_COMMON_BLOCKS = YES;
				GCC_OPTIMIZATION_LEVEL = 0;
				GCC_PREPROCESSOR_DEFINITIONS = (
					"DEBUG=1",
					"$(inherited)",
				);
				GCC_WARN_64_TO_32_BIT_CONVERSION = YES;
				GCC_WARN_ABOUT_RETURN_TYPE = YES_ERROR;
				GCC_WARN_UNDECLARED_SELECTOR = YES;
				GCC_WARN_UNINITIALIZED_AUTOS = YES_AGGRESSIVE;
				GCC_WARN_UNUSED_FUNCTION = YES;
				GCC_WARN_UNUSED_VARIABLE = YES;
				IPHONEOS_DEPLOYMENT_TARGET = 17.5;
				LOCALIZATION_PREFERS_STRING_CATALOGS = YES;
				MTL_ENABLE_DEBUG_INFO = INCLUDE_SOURCE;
				MTL_FAST_MATH = YES;
				ONLY_ACTIVE_ARCH = YES;
				SDKROOT = iphoneos;
			};
			name = Debug;
		};
		A8083CDD2C8844CF002E02E3 /* Release */ = {
			isa = XCBuildConfiguration;
			buildSettings = {
				ALWAYS_SEARCH_USER_PATHS = NO;
				ASSETCATALOG_COMPILER_GENERATE_SWIFT_ASSET_SYMBOL_EXTENSIONS = YES;
				CLANG_ANALYZER_NONNULL = YES;
				CLANG_ANALYZER_NUMBER_OBJECT_CONVERSION = YES_AGGRESSIVE;
				CLANG_CXX_LANGUAGE_STANDARD = "gnu++20";
				CLANG_ENABLE_MODULES = YES;
				CLANG_ENABLE_OBJC_ARC = YES;
				CLANG_ENABLE_OBJC_WEAK = YES;
				CLANG_WARN_BLOCK_CAPTURE_AUTORELEASING = YES;
				CLANG_WARN_BOOL_CONVERSION = YES;
				CLANG_WARN_COMMA = YES;
				CLANG_WARN_CONSTANT_CONVERSION = YES;
				CLANG_WARN_DEPRECATED_OBJC_IMPLEMENTATIONS = YES;
				CLANG_WARN_DIRECT_OBJC_ISA_USAGE = YES_ERROR;
				CLANG_WARN_DOCUMENTATION_COMMENTS = YES;
				CLANG_WARN_EMPTY_BODY = YES;
				CLANG_WARN_ENUM_CONVERSION = YES;
				CLANG_WARN_INFINITE_RECURSION = YES;
				CLANG_WARN_INT_CONVERSION = YES;
				CLANG_WARN_NON_LITERAL_NULL_CONVERSION = YES;
				CLANG_WARN_OBJC_IMPLICIT_RETAIN_SELF = YES;
				CLANG_WARN_OBJC_LITERAL_CONVERSION = YES;
				CLANG_WARN_OBJC_ROOT_CLASS = YES_ERROR;
				CLANG_WARN_QUOTED_INCLUDE_IN_FRAMEWORK_HEADER = YES;
				CLANG_WARN_RANGE_LOOP_ANALYSIS = YES;
				CLANG_WARN_STRICT_PROTOTYPES = YES;
				CLANG_WARN_SUSPICIOUS_MOVE = YES;
				CLANG_WARN_UNGUARDED_AVAILABILITY = YES_AGGRESSIVE;
				CLANG_WARN_UNREACHABLE_CODE = YES;
				CLANG_WARN__DUPLICATE_METHOD_MATCH = YES;
				COPY_PHASE_STRIP = NO;
				DEBUG_INFORMATION_FORMAT = "dwarf-with-dsym";
				ENABLE_NS_ASSERTIONS = NO;
				ENABLE_STRICT_OBJC_MSGSEND = YES;
				ENABLE_USER_SCRIPT_SANDBOXING = YES;
				GCC_C_LANGUAGE_STANDARD = gnu17;
				GCC_NO_COMMON_BLOCKS = YES;
				GCC_WARN_64_TO_32_BIT_CONVERSION = YES;
				GCC_WARN_ABOUT_RETURN_TYPE = YES_ERROR;
				GCC_WARN_UNDECLARED_SELECTOR = YES;
				GCC_WARN_UNINITIALIZED_AUTOS = YES_AGGRESSIVE;
				GCC_WARN_UNUSED_FUNCTION = YES;
				GCC_WARN_UNUSED_VARIABLE = YES;
				IPHONEOS_DEPLOYMENT_TARGET = 17.5;
				LOCALIZATION_PREFERS_STRING_CATALOGS = YES;
				MTL_ENABLE_DEBUG_INFO = NO;
				MTL_FAST_MATH = YES;
				SDKROOT = iphoneos;
				VALIDATE_PRODUCT = YES;
			};
			name = Release;
		};
		A8083CDF2C8844CF002E02E3 /* Debug */ = {
			isa = XCBuildConfiguration;
			buildSettings = {
				ASSETCATALOG_COMPILER_APPICON_NAME = AppIcon;
				ASSETCATALOG_COMPILER_GLOBAL_ACCENT_COLOR_NAME = AccentColor;
				CLANG_ENABLE_MODULES = YES;
				CODE_SIGN_STYLE = Automatic;
				CURRENT_PROJECT_VERSION = 1;
				GENERATE_INFOPLIST_FILE = YES;
				INFOPLIST_FILE = "Project-Demo/Info.plist";
				INFOPLIST_KEY_UIApplicationSupportsIndirectInputEvents = YES;
				INFOPLIST_KEY_UILaunchStoryboardName = LaunchScreen;
				INFOPLIST_KEY_UIMainStoryboardFile = Main;
				INFOPLIST_KEY_UISupportedInterfaceOrientations_iPad = "UIInterfaceOrientationPortrait UIInterfaceOrientationPortraitUpsideDown UIInterfaceOrientationLandscapeLeft UIInterfaceOrientationLandscapeRight";
				INFOPLIST_KEY_UISupportedInterfaceOrientations_iPhone = "UIInterfaceOrientationPortrait UIInterfaceOrientationLandscapeLeft UIInterfaceOrientationLandscapeRight";
				LD_RUNPATH_SEARCH_PATHS = (
					"$(inherited)",
					"@executable_path/Frameworks",
				);
				MARKETING_VERSION = 1.0;
				PRODUCT_BUNDLE_IDENTIFIER = "Zeta.Project-Demo";
				PRODUCT_NAME = "$(TARGET_NAME)";
				SWIFT_EMIT_LOC_STRINGS = YES;
				SWIFT_OBJC_BRIDGING_HEADER = "Project-Demo/Project-Demo-Bridging-Header.h";
				SWIFT_OPTIMIZATION_LEVEL = "-Onone";
				SWIFT_VERSION = 5.0;
				TARGETED_DEVICE_FAMILY = "1,2";
			};
			name = Debug;
		};
		A8083CE02C8844CF002E02E3 /* Release */ = {
			isa = XCBuildConfiguration;
			buildSettings = {
				ASSETCATALOG_COMPILER_APPICON_NAME = AppIcon;
				ASSETCATALOG_COMPILER_GLOBAL_ACCENT_COLOR_NAME = AccentColor;
				CLANG_ENABLE_MODULES = YES;
				CODE_SIGN_STYLE = Automatic;
				CURRENT_PROJECT_VERSION = 1;
				GENERATE_INFOPLIST_FILE = YES;
				INFOPLIST_FILE = "Project-Demo/Info.plist";
				INFOPLIST_KEY_UIApplicationSupportsIndirectInputEvents = YES;
				INFOPLIST_KEY_UILaunchStoryboardName = LaunchScreen;
				INFOPLIST_KEY_UIMainStoryboardFile = Main;
				INFOPLIST_KEY_UISupportedInterfaceOrientations_iPad = "UIInterfaceOrientationPortrait UIInterfaceOrientationPortraitUpsideDown UIInterfaceOrientationLandscapeLeft UIInterfaceOrientationLandscapeRight";
				INFOPLIST_KEY_UISupportedInterfaceOrientations_iPhone = "UIInterfaceOrientationPortrait UIInterfaceOrientationLandscapeLeft UIInterfaceOrientationLandscapeRight";
				LD_RUNPATH_SEARCH_PATHS = (
					"$(inherited)",
					"@executable_path/Frameworks",
				);
				MARKETING_VERSION = 1.0;
				PRODUCT_BUNDLE_IDENTIFIER = "Zeta.Project-Demo";
				PRODUCT_NAME = "$(TARGET_NAME)";
				SWIFT_EMIT_LOC_STRINGS = YES;
				SWIFT_OBJC_BRIDGING_HEADER = "Project-Demo/Project-Demo-Bridging-Header.h";
				SWIFT_VERSION = 5.0;
				TARGETED_DEVICE_FAMILY = "1,2";
			};
			name = Release;
		};
		A8083CE22C8844CF002E02E3 /* Debug */ = {
			isa = XCBuildConfiguration;
			buildSettings = {
				ALWAYS_EMBED_SWIFT_STANDARD_LIBRARIES = YES;
				BUNDLE_LOADER = "$(TEST_HOST)";
				CLANG_ENABLE_MODULES = YES;
				CODE_SIGN_STYLE = Automatic;
				CURRENT_PROJECT_VERSION = 1;
				GENERATE_INFOPLIST_FILE = YES;
				IPHONEOS_DEPLOYMENT_TARGET = 17.5;
				MARKETING_VERSION = 1.0;
				PRODUCT_BUNDLE_IDENTIFIER = "Zeta.Project-DemoTests";
				PRODUCT_NAME = "$(TARGET_NAME)";
				SWIFT_EMIT_LOC_STRINGS = NO;
				SWIFT_OBJC_BRIDGING_HEADER = "Project-Demo/Project-DemoTests-Bridging-Header.h";
				SWIFT_OPTIMIZATION_LEVEL = "-Onone";
				SWIFT_VERSION = 5.0;
				TARGETED_DEVICE_FAMILY = "1,2";
				TEST_HOST = "$(BUILT_PRODUCTS_DIR)/Project-Demo.app/$(BUNDLE_EXECUTABLE_FOLDER_PATH)/Project-Demo";
			};
			name = Debug;
		};
		A8083CE32C8844CF002E02E3 /* Release */ = {
			isa = XCBuildConfiguration;
			buildSettings = {
				ALWAYS_EMBED_SWIFT_STANDARD_LIBRARIES = YES;
				BUNDLE_LOADER = "$(TEST_HOST)";
				CLANG_ENABLE_MODULES = YES;
				CODE_SIGN_STYLE = Automatic;
				CURRENT_PROJECT_VERSION = 1;
				GENERATE_INFOPLIST_FILE = YES;
				IPHONEOS_DEPLOYMENT_TARGET = 17.5;
				MARKETING_VERSION = 1.0;
				PRODUCT_BUNDLE_IDENTIFIER = "Zeta.Project-DemoTests";
				PRODUCT_NAME = "$(TARGET_NAME)";
				SWIFT_EMIT_LOC_STRINGS = NO;
				SWIFT_OBJC_BRIDGING_HEADER = "Project-Demo/Project-DemoTests-Bridging-Header.h";
				SWIFT_VERSION = 5.0;
				TARGETED_DEVICE_FAMILY = "1,2";
				TEST_HOST = "$(BUILT_PRODUCTS_DIR)/Project-Demo.app/$(BUNDLE_EXECUTABLE_FOLDER_PATH)/Project-Demo";
			};
			name = Release;
		};
		A8083CE52C8844CF002E02E3 /* Debug */ = {
			isa = XCBuildConfiguration;
			buildSettings = {
				ALWAYS_EMBED_SWIFT_STANDARD_LIBRARIES = YES;
				CLANG_ENABLE_MODULES = YES;
				CODE_SIGN_STYLE = Automatic;
				CURRENT_PROJECT_VERSION = 1;
				GENERATE_INFOPLIST_FILE = YES;
				MARKETING_VERSION = 1.0;
				PRODUCT_BUNDLE_IDENTIFIER = "Zeta.Project-DemoUITests";
				PRODUCT_NAME = "$(TARGET_NAME)";
				SWIFT_EMIT_LOC_STRINGS = NO;
				SWIFT_OBJC_BRIDGING_HEADER = "Project-Demo/Project-DemoUITests-Bridging-Header.h";
				SWIFT_OPTIMIZATION_LEVEL = "-Onone";
				SWIFT_VERSION = 5.0;
				TARGETED_DEVICE_FAMILY = "1,2";
				TEST_TARGET_NAME = "Project-Demo";
			};
			name = Debug;
		};
		A8083CE62C8844CF002E02E3 /* Release */ = {
			isa = XCBuildConfiguration;
			buildSettings = {
				ALWAYS_EMBED_SWIFT_STANDARD_LIBRARIES = YES;
				CLANG_ENABLE_MODULES = YES;
				CODE_SIGN_STYLE = Automatic;
				CURRENT_PROJECT_VERSION = 1;
				GENERATE_INFOPLIST_FILE = YES;
				MARKETING_VERSION = 1.0;
				PRODUCT_BUNDLE_IDENTIFIER = "Zeta.Project-DemoUITests";
				PRODUCT_NAME = "$(TARGET_NAME)";
				SWIFT_EMIT_LOC_STRINGS = NO;
				SWIFT_OBJC_BRIDGING_HEADER = "Project-Demo/Project-DemoUITests-Bridging-Header.h";
				SWIFT_VERSION = 5.0;
				TARGETED_DEVICE_FAMILY = "1,2";
				TEST_TARGET_NAME = "Project-Demo";
			};
			name = Release;
		};
/* End XCBuildConfiguration section */

/* Begin XCConfigurationList section */
		A8083CA72C8844C8002E02E3 /* Build configuration list for PBXProject "Project-Demo" */ = {
			isa = XCConfigurationList;
			buildConfigurations = (
				A8083CDC2C8844CF002E02E3 /* Debug */,
				A8083CDD2C8844CF002E02E3 /* Release */,
			);
			defaultConfigurationIsVisible = 0;
			defaultConfigurationName = Release;
		};
		A8083CDE2C8844CF002E02E3 /* Build configuration list for PBXNativeTarget "Project-Demo" */ = {
			isa = XCConfigurationList;
			buildConfigurations = (
				A8083CDF2C8844CF002E02E3 /* Debug */,
				A8083CE02C8844CF002E02E3 /* Release */,
			);
			defaultConfigurationIsVisible = 0;
			defaultConfigurationName = Release;
		};
		A8083CE12C8844CF002E02E3 /* Build configuration list for PBXNativeTarget "Project-DemoTests" */ = {
			isa = XCConfigurationList;
			buildConfigurations = (
				A8083CE22C8844CF002E02E3 /* Debug */,
				A8083CE32C8844CF002E02E3 /* Release */,
			);
			defaultConfigurationIsVisible = 0;
			defaultConfigurationName = Release;
		};
		A8083CE42C8844CF002E02E3 /* Build configuration list for PBXNativeTarget "Project-DemoUITests" */ = {
			isa = XCConfigurationList;
			buildConfigurations = (
				A8083CE52C8844CF002E02E3 /* Debug */,
				A8083CE62C8844CF002E02E3 /* Release */,
			);
			defaultConfigurationIsVisible = 0;
			defaultConfigurationName = Release;
		};
/* End XCConfigurationList section */

/* Begin XCVersionGroup section */
		A8083CE72C884D67002E02E3 /* CityModel.xcdatamodeld */ = {
			isa = XCVersionGroup;
			children = (
				A8083CE82C884D67002E02E3 /* CityModel.xcdatamodel */,
			);
			currentVersion = A8083CE82C884D67002E02E3 /* CityModel.xcdatamodel */;
			path = CityModel.xcdatamodeld;
			sourceTree = "<group>";
			versionGroupType = wrapper.xcdatamodel;
		};
/* End XCVersionGroup section */
	};
	rootObject = A8083CA42C8844C8002E02E3 /* Project object */;
}
